
Microsoft Visual Studio Solution File, Format Version 12.00
# Visual Studio 15
VisualStudioVersion = 15.0.27703.2026
MinimumVisualStudioVersion = 10.0.40219.1
Project("{FAE04EC0-301F-11D3-BF4B-00C04F79EFBC}") = "SnapCircuitsLiftOff", "SnapCircuitsLiftOff.csproj", "{0CAF7BE4-F222-48B6-BF89-DC5CC822BAC9}"
EndProject
Global
	GlobalSection(SolutionConfigurationPlatforms) = preSolution
		Debug|Any CPU = Debug|Any CPU
		Release|Any CPU = Release|Any CPU
	EndGlobalSection
	GlobalSection(ProjectConfigurationPlatforms) = postSolution
		{0CAF7BE4-F222-48B6-BF89-DC5CC822BAC9}.Debug|Any CPU.ActiveCfg = Debug|Any CPU
		{0CAF7BE4-F222-48B6-BF89-DC5CC822BAC9}.Debug|Any CPU.Build.0 = Debug|Any CPU
		{0CAF7BE4-F222-48B6-BF89-DC5CC822BAC9}.Debug|Any CPU.Deploy.0 = Debug|Any CPU
		{0CAF7BE4-F222-48B6-BF89-DC5CC822BAC9}.Release|Any CPU.ActiveCfg = Release|Any CPU
		{0CAF7BE4-F222-48B6-BF89-DC5CC822BAC9}.Release|Any CPU.Build.0 = Release|Any CPU
		{0CAF7BE4-F222-48B6-BF89-DC5CC822BAC9}.Release|Any CPU.Deploy.0 = Release|Any CPU
	EndGlobalSection
	GlobalSection(SolutionProperties) = preSolution
		HideSolutionNode = FALSE
	EndGlobalSection
	GlobalSection(ExtensibilityGlobals) = postSolution
		SolutionGuid = {B16CD7CC-656A-41A2-A84B-83D1F236B280}
	EndGlobalSection
EndGlobal
