
Microsoft Visual Studio Solution File, Format Version 12.00
# Visual Studio 15
VisualStudioVersion = 15.0.27703.2026
MinimumVisualStudioVersion = 10.0.40219.1
Project("{FAE04EC0-301F-11D3-BF4B-00C04F79EFBC}") = "BurglarAlarm", "BurglarAlarm.csproj", "{08669434-0F00-4D95-AD66-BCD02936818B}"
EndProject
Global
	GlobalSection(SolutionConfigurationPlatforms) = preSolution
		Debug|Any CPU = Debug|Any CPU
		Release|Any CPU = Release|Any CPU
	EndGlobalSection
	GlobalSection(ProjectConfigurationPlatforms) = postSolution
		{08669434-0F00-4D95-AD66-BCD02936818B}.Debug|Any CPU.ActiveCfg = Debug|Any CPU
		{08669434-0F00-4D95-AD66-BCD02936818B}.Debug|Any CPU.Build.0 = Debug|Any CPU
		{08669434-0F00-4D95-AD66-BCD02936818B}.Debug|Any CPU.Deploy.0 = Debug|Any CPU
		{08669434-0F00-4D95-AD66-BCD02936818B}.Release|Any CPU.ActiveCfg = Release|Any CPU
		{08669434-0F00-4D95-AD66-BCD02936818B}.Release|Any CPU.Build.0 = Release|Any CPU
		{08669434-0F00-4D95-AD66-BCD02936818B}.Release|Any CPU.Deploy.0 = Release|Any CPU
	EndGlobalSection
	GlobalSection(SolutionProperties) = preSolution
		HideSolutionNode = FALSE
	EndGlobalSection
	GlobalSection(ExtensibilityGlobals) = postSolution
		SolutionGuid = {876CF2C0-C5DB-455B-837D-C7BB6729C0A9}
	EndGlobalSection
EndGlobal
