
Microsoft Visual Studio Solution File, Format Version 12.00
# Visual Studio 15
VisualStudioVersion = 15.0.26403.3
MinimumVisualStudioVersion = 10.0.40219.1
Project("{FAE04EC0-301F-11D3-BF4B-00C04F79EFBC}") = "ClassicFootball", "ClassicFootball\ClassicFootball.csproj", "{3EC68525-3242-4557-87AC-8F32C912A6CD}"
EndProject
Global
	GlobalSection(SolutionConfigurationPlatforms) = preSolution
		Debug|Any CPU = Debug|Any CPU
		Release|Any CPU = Release|Any CPU
	EndGlobalSection
	GlobalSection(ProjectConfigurationPlatforms) = postSolution
		{3EC68525-3242-4557-87AC-8F32C912A6CD}.Debug|Any CPU.ActiveCfg = Debug|Any CPU
		{3EC68525-3242-4557-87AC-8F32C912A6CD}.Debug|Any CPU.Build.0 = Debug|Any CPU
		{3EC68525-3242-4557-87AC-8F32C912A6CD}.Debug|Any CPU.Deploy.0 = Debug|Any CPU
		{3EC68525-3242-4557-87AC-8F32C912A6CD}.Release|Any CPU.ActiveCfg = Release|Any CPU
		{3EC68525-3242-4557-87AC-8F32C912A6CD}.Release|Any CPU.Build.0 = Release|Any CPU
		{3EC68525-3242-4557-87AC-8F32C912A6CD}.Release|Any CPU.Deploy.0 = Release|Any CPU
	EndGlobalSection
	GlobalSection(SolutionProperties) = preSolution
		HideSolutionNode = FALSE
	EndGlobalSection
EndGlobal
